<?xml version="1.0" encoding="utf-8"?>
<Project ToolsVersion="4.0" xmlns="http://schemas.microsoft.com/developer/msbuild/2003">
  <ItemGroup>
    <Filter Include="UI">
      <UniqueIdentifier>{2605e18d-ed39-4317-8112-9b6162c8251e}</UniqueIdentifier>
    </Filter>
    <Filter Include="IPC">
      <UniqueIdentifier>{c44e8be0-5dd1-4fe4-89ed-e3ff7e3e7451}</UniqueIdentifier>
    </Filter>
    <Filter Include="UI\sidebar">
      <UniqueIdentifier>{2fe3375e-7e7b-4e24-b711-35ee52e52c1d}</UniqueIdentifier>
    </Filter>
    <Filter Include="UI\rendering">
      <UniqueIdentifier>{3f4bdaf6-6662-47e3-9ee2-4e721fc08baa}</UniqueIdentifier>
    </Filter>
    <Filter Include="set">
      <UniqueIdentifier>{e4c2c0be-ca1c-4848-be87-a84dc08a6379}</UniqueIdentifier>
    </Filter>
  </ItemGroup>
  <ItemGroup>
    <None Include="Makefile" />
    <None Include="config.json" />
    <None Include="cpp.hint" />
  </ItemGroup>
  <ItemGroup>
    <ClCompile Include="source\ConsoleStatus.cpp" />
    <ClCompile Include="source\main.cpp" />
    <ClCompile Include="source\NotificationManager.cpp" />
    <ClCompile Include="source\Config.cpp" />
    <ClCompile Include="source\UI\PowerWindow.cpp">
      <Filter>UI</Filter>
    </ClCompile>
    <ClCompile Include="source\UI\UI.cpp">
      <Filter>UI</Filter>
    </ClCompile>
    <ClCompile Include="source\UI\sidebar\Sidebar.cpp">
      <Filter>UI\sidebar</Filter>
    </ClCompile>
    <ClCompile Include="source\UI\rendering\imgui_sw.cpp">
      <Filter>UI\rendering</Filter>
    </ClCompile>
    <ClCompile Include="source\UI\rendering\ImguiExt.cpp">
      <Filter>UI\rendering</Filter>
    </ClCompile>
    <ClCompile Include="source\set\ConsoleSettings.cpp">
      <Filter>set</Filter>
    </ClCompile>
    <ClCompile Include="source\IPC\GeneralChannel.cpp">
      <Filter>IPC</Filter>
    </ClCompile>
    <ClCompile Include="source\IPC\IPCThread.cpp">
      <Filter>IPC</Filter>
    </ClCompile>
    <ClCompile Include="source\UI\NotificationWindow.cpp">
      <Filter>UI</Filter>
    </ClCompile>
  </ItemGroup>
  <ItemGroup>
    <ClInclude Include="source\ConsoleStatus.hpp" />
    <ClInclude Include="source\NotificationManager.hpp" />
    <ClInclude Include="source\utils.hpp" />
    <ClInclude Include="source\Config.hpp" />
    <ClInclude Include="source\UI\PowerWindow.hpp">
      <Filter>UI</Filter>
    </ClInclude>
    <ClInclude Include="source\UI\UI.hpp">
      <Filter>UI</Filter>
    </ClInclude>
    <ClInclude Include="source\UI\Window.hpp">
      <Filter>UI</Filter>
    </ClInclude>
    <ClInclude Include="source\UI\LogWindow.hpp">
      <Filter>UI</Filter>
    </ClInclude>
    <ClInclude Include="source\UI\sidebar\Sidebar.hpp">
      <Filter>UI\sidebar</Filter>
    </ClInclude>
    <ClInclude Include="source\UI\sidebar\SidebarControls.hpp">
      <Filter>UI\sidebar</Filter>
    </ClInclude>
    <ClInclude Include="source\UI\rendering\ImguiExt.hpp">
      <Filter>UI\rendering</Filter>
    </ClInclude>
    <ClInclude Include="source\UI\rendering\imgui_sw.hpp">
      <Filter>UI\rendering</Filter>
    </ClInclude>
    <ClInclude Include="source\set\ConsoleSettings.hpp">
      <Filter>set</Filter>
    </ClInclude>
    <ClInclude Include="source\IPC\IPCThread.hpp">
      <Filter>IPC</Filter>
    </ClInclude>
    <ClInclude Include="source\IPC\LayoffService.hpp">
      <Filter>IPC</Filter>
    </ClInclude>
    <ClInclude Include="source\IPC\GeneralChannel.hpp">
      <Filter>IPC</Filter>
    </ClInclude>
    <ClInclude Include="source\UI\NotificationWindow.hpp">
      <Filter>UI</Filter>
    </ClInclude>
  </ItemGroup>
</Project>